
Microsoft Visual Studio Solution File, Format Version 12.00
# Visual Studio 15
VisualStudioVersion = 15.0.28307.271
MinimumVisualStudioVersion = 10.0.40219.1
Project("{8BC9CEB8-8B4A-11D0-8D11-00A0C91BC942}") = "Cap_10", "Cap_10\Cap_10.vcxproj", "{8EDF7C10-F2D0-4B51-8DBE-FC68684D6E90}"
EndProject
Global
	GlobalSection(SolutionConfigurationPlatforms) = preSolution
		Debug|x64 = Debug|x64
		Debug|x86 = Debug|x86
		Release|x64 = Release|x64
		Release|x86 = Release|x86
	EndGlobalSection
	GlobalSection(ProjectConfigurationPlatforms) = postSolution
		{8EDF7C10-F2D0-4B51-8DBE-FC68684D6E90}.Debug|x64.ActiveCfg = Debug|x64
		{8EDF7C10-F2D0-4B51-8DBE-FC68684D6E90}.Debug|x64.Build.0 = Debug|x64
		{8EDF7C10-F2D0-4B51-8DBE-FC68684D6E90}.Debug|x86.ActiveCfg = Debug|Win32
		{8EDF7C10-F2D0-4B51-8DBE-FC68684D6E90}.Debug|x86.Build.0 = Debug|Win32
		{8EDF7C10-F2D0-4B51-8DBE-FC68684D6E90}.Release|x64.ActiveCfg = Release|x64
		{8EDF7C10-F2D0-4B51-8DBE-FC68684D6E90}.Release|x64.Build.0 = Release|x64
		{8EDF7C10-F2D0-4B51-8DBE-FC68684D6E90}.Release|x86.ActiveCfg = Release|Win32
		{8EDF7C10-F2D0-4B51-8DBE-FC68684D6E90}.Release|x86.Build.0 = Release|Win32
	EndGlobalSection
	GlobalSection(SolutionProperties) = preSolution
		HideSolutionNode = FALSE
	EndGlobalSection
	GlobalSection(ExtensibilityGlobals) = postSolution
		SolutionGuid = {7A3CEC6C-00E8-4BF9-A49F-951CF57A6592}
	EndGlobalSection
EndGlobal
